
Microsoft Visual Studio Solution File, Format Version 12.00
# Visual Studio Version 17
VisualStudioVersion = 17.7.34031.279
MinimumVisualStudioVersion = 10.0.40219.1
Project("{FAE04EC0-301F-11D3-BF4B-00C04F79EFBC}") = "Zasacha1", "Zasacha1\Zasacha1.csproj", "{9F8C7630-25C9-4F21-AE5B-E37F19E1436F}"
EndProject
Project("{FAE04EC0-301F-11D3-BF4B-00C04F79EFBC}") = "Zadacha2", "Zadacha2\Zadacha2.csproj", "{B2546BE6-993B-45BB-9F86-B32AFED9A488}"
EndProject
Global
	GlobalSection(SolutionConfigurationPlatforms) = preSolution
		Debug|Any CPU = Debug|Any CPU
		Release|Any CPU = Release|Any CPU
	EndGlobalSection
	GlobalSection(ProjectConfigurationPlatforms) = postSolution
		{9F8C7630-25C9-4F21-AE5B-E37F19E1436F}.Debug|Any CPU.ActiveCfg = Debug|Any CPU
		{9F8C7630-25C9-4F21-AE5B-E37F19E1436F}.Debug|Any CPU.Build.0 = Debug|Any CPU
		{9F8C7630-25C9-4F21-AE5B-E37F19E1436F}.Release|Any CPU.ActiveCfg = Release|Any CPU
		{9F8C7630-25C9-4F21-AE5B-E37F19E1436F}.Release|Any CPU.Build.0 = Release|Any CPU
		{B2546BE6-993B-45BB-9F86-B32AFED9A488}.Debug|Any CPU.ActiveCfg = Debug|Any CPU
		{B2546BE6-993B-45BB-9F86-B32AFED9A488}.Debug|Any CPU.Build.0 = Debug|Any CPU
		{B2546BE6-993B-45BB-9F86-B32AFED9A488}.Release|Any CPU.ActiveCfg = Release|Any CPU
		{B2546BE6-993B-45BB-9F86-B32AFED9A488}.Release|Any CPU.Build.0 = Release|Any CPU
	EndGlobalSection
	GlobalSection(SolutionProperties) = preSolution
		HideSolutionNode = FALSE
	EndGlobalSection
	GlobalSection(ExtensibilityGlobals) = postSolution
		SolutionGuid = {5A8F394C-7E37-4927-AA83-FF8FAC2776CD}
	EndGlobalSection
EndGlobal
